
Microsoft Visual Studio Solution File, Format Version 12.00
# Visual Studio Version 17
VisualStudioVersion = 17.3.32929.385
MinimumVisualStudioVersion = 10.0.40219.1
Project("{FAE04EC0-301F-11D3-BF4B-00C04F79EFBC}") = "CampusMart_Backend.API", "CampusMart_Backend.API\CampusMart_Backend.API.csproj", "{8A58E2F4-2D49-4B9D-965D-8DB64F226D01}"
EndProject
Project("{FAE04EC0-301F-11D3-BF4B-00C04F79EFBC}") = "CampusMart_Backend.Core", "CampusMart_Backend.Core\CampusMart_Backend.Core.csproj", "{B7A6EC86-DFA4-4852-98B4-93D1CC8F7DE2}"
EndProject
Project("{FAE04EC0-301F-11D3-BF4B-00C04F79EFBC}") = "CampusMart_Backend.Infra", "CampusMart_Backend.Infra\CampusMart_Backend.Infra.csproj", "{D94EC04F-CCAE-4C7F-9409-D6CD9FBDC817}"
EndProject
Global
	GlobalSection(SolutionConfigurationPlatforms) = preSolution
		Debug|Any CPU = Debug|Any CPU
		Release|Any CPU = Release|Any CPU
	EndGlobalSection
	GlobalSection(ProjectConfigurationPlatforms) = postSolution
		{8A58E2F4-2D49-4B9D-965D-8DB64F226D01}.Debug|Any CPU.ActiveCfg = Debug|Any CPU
		{8A58E2F4-2D49-4B9D-965D-8DB64F226D01}.Debug|Any CPU.Build.0 = Debug|Any CPU
		{8A58E2F4-2D49-4B9D-965D-8DB64F226D01}.Release|Any CPU.ActiveCfg = Release|Any CPU
		{8A58E2F4-2D49-4B9D-965D-8DB64F226D01}.Release|Any CPU.Build.0 = Release|Any CPU
		{B7A6EC86-DFA4-4852-98B4-93D1CC8F7DE2}.Debug|Any CPU.ActiveCfg = Debug|Any CPU
		{B7A6EC86-DFA4-4852-98B4-93D1CC8F7DE2}.Debug|Any CPU.Build.0 = Debug|Any CPU
		{B7A6EC86-DFA4-4852-98B4-93D1CC8F7DE2}.Release|Any CPU.ActiveCfg = Release|Any CPU
		{B7A6EC86-DFA4-4852-98B4-93D1CC8F7DE2}.Release|Any CPU.Build.0 = Release|Any CPU
		{D94EC04F-CCAE-4C7F-9409-D6CD9FBDC817}.Debug|Any CPU.ActiveCfg = Debug|Any CPU
		{D94EC04F-CCAE-4C7F-9409-D6CD9FBDC817}.Debug|Any CPU.Build.0 = Debug|Any CPU
		{D94EC04F-CCAE-4C7F-9409-D6CD9FBDC817}.Release|Any CPU.ActiveCfg = Release|Any CPU
		{D94EC04F-CCAE-4C7F-9409-D6CD9FBDC817}.Release|Any CPU.Build.0 = Release|Any CPU
	EndGlobalSection
	GlobalSection(SolutionProperties) = preSolution
		HideSolutionNode = FALSE
	EndGlobalSection
	GlobalSection(ExtensibilityGlobals) = postSolution
		SolutionGuid = {9E86514E-F34C-43C5-AC07-C2BD3D29314C}
	EndGlobalSection
EndGlobal
